
Microsoft Visual Studio Solution File, Format Version 12.00
# Visual Studio 15
VisualStudioVersion = 15.0.26228.10
MinimumVisualStudioVersion = 10.0.40219.1
Project("{FAE04EC0-301F-11D3-BF4B-00C04F79EFBC}") = "RemoteViewing", "RemoteViewing\RemoteViewing.csproj", "{89569346-2C71-4A85-99B9-D3EB71FDE87A}"
EndProject
Project("{FAE04EC0-301F-11D3-BF4B-00C04F79EFBC}") = "RemoteViewing.Example", "RemoteViewing.Example\RemoteViewing.Example.csproj", "{D6771918-A3DF-4EC6-86DF-11E02DDA2780}"
EndProject
Project("{FAE04EC0-301F-11D3-BF4B-00C04F79EFBC}") = "RemoteViewing.Windows.Forms", "RemoteViewing.Windows.Forms\RemoteViewing.Windows.Forms.csproj", "{4FE8AC04-3825-4CFC-8F1D-4C4064FB5727}"
EndProject
Project("{FAE04EC0-301F-11D3-BF4B-00C04F79EFBC}") = "RemoteViewing.ServerExample", "RemoteViewing.ServerExample\RemoteViewing.ServerExample.csproj", "{06464BF4-9691-4391-9783-3891585631D2}"
EndProject
Project("{FAE04EC0-301F-11D3-BF4B-00C04F79EFBC}") = "RemoteViewing.NoVncExample", "RemoteViewing.NoVncExample\RemoteViewing.NoVncExample.csproj", "{59A4B4EA-3B07-4D92-ACD6-A2D80C08D823}"
EndProject
Project("{9A19103F-16F7-4668-BE54-9A1E7A4F7556}") = "RemoteViewing.AspNetCore", "RemoteViewing.AspNetCore\RemoteViewing.AspNetCore.csproj", "{4E38F24D-C09B-4739-BD9E-E97FF70B93D3}"
EndProject
Global
	GlobalSection(SolutionConfigurationPlatforms) = preSolution
		Debug|Any CPU = Debug|Any CPU
		Debug|Mixed Platforms = Debug|Mixed Platforms
		Debug|x86 = Debug|x86
		Release|Any CPU = Release|Any CPU
		Release|Mixed Platforms = Release|Mixed Platforms
		Release|x86 = Release|x86
	EndGlobalSection
	GlobalSection(ProjectConfigurationPlatforms) = postSolution
		{89569346-2C71-4A85-99B9-D3EB71FDE87A}.Debug|Any CPU.ActiveCfg = Debug|Any CPU
		{89569346-2C71-4A85-99B9-D3EB71FDE87A}.Debug|Any CPU.Build.0 = Debug|Any CPU
		{89569346-2C71-4A85-99B9-D3EB71FDE87A}.Debug|Mixed Platforms.ActiveCfg = Debug|Any CPU
		{89569346-2C71-4A85-99B9-D3EB71FDE87A}.Debug|Mixed Platforms.Build.0 = Debug|Any CPU
		{89569346-2C71-4A85-99B9-D3EB71FDE87A}.Debug|x86.ActiveCfg = Debug|Any CPU
		{89569346-2C71-4A85-99B9-D3EB71FDE87A}.Release|Any CPU.ActiveCfg = Release|Any CPU
		{89569346-2C71-4A85-99B9-D3EB71FDE87A}.Release|Any CPU.Build.0 = Release|Any CPU
		{89569346-2C71-4A85-99B9-D3EB71FDE87A}.Release|Mixed Platforms.ActiveCfg = Release|Any CPU
		{89569346-2C71-4A85-99B9-D3EB71FDE87A}.Release|Mixed Platforms.Build.0 = Release|Any CPU
		{89569346-2C71-4A85-99B9-D3EB71FDE87A}.Release|x86.ActiveCfg = Release|Any CPU
		{D6771918-A3DF-4EC6-86DF-11E02DDA2780}.Debug|Any CPU.ActiveCfg = Debug|Any CPU
		{D6771918-A3DF-4EC6-86DF-11E02DDA2780}.Debug|Any CPU.Build.0 = Debug|Any CPU
		{D6771918-A3DF-4EC6-86DF-11E02DDA2780}.Debug|Mixed Platforms.ActiveCfg = Debug|Any CPU
		{D6771918-A3DF-4EC6-86DF-11E02DDA2780}.Debug|Mixed Platforms.Build.0 = Debug|Any CPU
		{D6771918-A3DF-4EC6-86DF-11E02DDA2780}.Debug|x86.ActiveCfg = Debug|Any CPU
		{D6771918-A3DF-4EC6-86DF-11E02DDA2780}.Debug|x86.Build.0 = Debug|Any CPU
		{D6771918-A3DF-4EC6-86DF-11E02DDA2780}.Release|Any CPU.ActiveCfg = Release|Any CPU
		{D6771918-A3DF-4EC6-86DF-11E02DDA2780}.Release|Any CPU.Build.0 = Release|Any CPU
		{D6771918-A3DF-4EC6-86DF-11E02DDA2780}.Release|Mixed Platforms.ActiveCfg = Release|Any CPU
		{D6771918-A3DF-4EC6-86DF-11E02DDA2780}.Release|Mixed Platforms.Build.0 = Release|Any CPU
		{D6771918-A3DF-4EC6-86DF-11E02DDA2780}.Release|x86.ActiveCfg = Release|Any CPU
		{D6771918-A3DF-4EC6-86DF-11E02DDA2780}.Release|x86.Build.0 = Release|Any CPU
		{4FE8AC04-3825-4CFC-8F1D-4C4064FB5727}.Debug|Any CPU.ActiveCfg = Debug|Any CPU
		{4FE8AC04-3825-4CFC-8F1D-4C4064FB5727}.Debug|Any CPU.Build.0 = Debug|Any CPU
		{4FE8AC04-3825-4CFC-8F1D-4C4064FB5727}.Debug|Mixed Platforms.ActiveCfg = Debug|Any CPU
		{4FE8AC04-3825-4CFC-8F1D-4C4064FB5727}.Debug|Mixed Platforms.Build.0 = Debug|Any CPU
		{4FE8AC04-3825-4CFC-8F1D-4C4064FB5727}.Debug|x86.ActiveCfg = Debug|Any CPU
		{4FE8AC04-3825-4CFC-8F1D-4C4064FB5727}.Release|Any CPU.ActiveCfg = Release|Any CPU
		{4FE8AC04-3825-4CFC-8F1D-4C4064FB5727}.Release|Any CPU.Build.0 = Release|Any CPU
		{4FE8AC04-3825-4CFC-8F1D-4C4064FB5727}.Release|Mixed Platforms.ActiveCfg = Release|Any CPU
		{4FE8AC04-3825-4CFC-8F1D-4C4064FB5727}.Release|Mixed Platforms.Build.0 = Release|Any CPU
		{4FE8AC04-3825-4CFC-8F1D-4C4064FB5727}.Release|x86.ActiveCfg = Release|Any CPU
		{06464BF4-9691-4391-9783-3891585631D2}.Debug|Any CPU.ActiveCfg = Debug|Any CPU
		{06464BF4-9691-4391-9783-3891585631D2}.Debug|Any CPU.Build.0 = Debug|Any CPU
		{06464BF4-9691-4391-9783-3891585631D2}.Debug|Mixed Platforms.ActiveCfg = Debug|Any CPU
		{06464BF4-9691-4391-9783-3891585631D2}.Debug|Mixed Platforms.Build.0 = Debug|Any CPU
		{06464BF4-9691-4391-9783-3891585631D2}.Debug|x86.ActiveCfg = Debug|Any CPU
		{06464BF4-9691-4391-9783-3891585631D2}.Debug|x86.Build.0 = Debug|Any CPU
		{06464BF4-9691-4391-9783-3891585631D2}.Release|Any CPU.ActiveCfg = Release|Any CPU
		{06464BF4-9691-4391-9783-3891585631D2}.Release|Any CPU.Build.0 = Release|Any CPU
		{06464BF4-9691-4391-9783-3891585631D2}.Release|Mixed Platforms.ActiveCfg = Release|Any CPU
		{06464BF4-9691-4391-9783-3891585631D2}.Release|Mixed Platforms.Build.0 = Release|Any CPU
		{06464BF4-9691-4391-9783-3891585631D2}.Release|x86.ActiveCfg = Release|Any CPU
		{06464BF4-9691-4391-9783-3891585631D2}.Release|x86.Build.0 = Release|Any CPU
		{59A4B4EA-3B07-4D92-ACD6-A2D80C08D823}.Debug|Any CPU.ActiveCfg = Debug|Any CPU
		{59A4B4EA-3B07-4D92-ACD6-A2D80C08D823}.Debug|Any CPU.Build.0 = Debug|Any CPU
		{59A4B4EA-3B07-4D92-ACD6-A2D80C08D823}.Debug|Mixed Platforms.ActiveCfg = Debug|Any CPU
		{59A4B4EA-3B07-4D92-ACD6-A2D80C08D823}.Debug|Mixed Platforms.Build.0 = Debug|Any CPU
		{59A4B4EA-3B07-4D92-ACD6-A2D80C08D823}.Debug|x86.ActiveCfg = Debug|Any CPU
		{59A4B4EA-3B07-4D92-ACD6-A2D80C08D823}.Debug|x86.Build.0 = Debug|Any CPU
		{59A4B4EA-3B07-4D92-ACD6-A2D80C08D823}.Release|Any CPU.ActiveCfg = Release|Any CPU
		{59A4B4EA-3B07-4D92-ACD6-A2D80C08D823}.Release|Any CPU.Build.0 = Release|Any CPU
		{59A4B4EA-3B07-4D92-ACD6-A2D80C08D823}.Release|Mixed Platforms.ActiveCfg = Release|Any CPU
		{59A4B4EA-3B07-4D92-ACD6-A2D80C08D823}.Release|Mixed Platforms.Build.0 = Release|Any CPU
		{59A4B4EA-3B07-4D92-ACD6-A2D80C08D823}.Release|x86.ActiveCfg = Release|Any CPU
		{59A4B4EA-3B07-4D92-ACD6-A2D80C08D823}.Release|x86.Build.0 = Release|Any CPU
		{4E38F24D-C09B-4739-BD9E-E97FF70B93D3}.Debug|Any CPU.ActiveCfg = Debug|Any CPU
		{4E38F24D-C09B-4739-BD9E-E97FF70B93D3}.Debug|Any CPU.Build.0 = Debug|Any CPU
		{4E38F24D-C09B-4739-BD9E-E97FF70B93D3}.Debug|Mixed Platforms.ActiveCfg = Debug|Any CPU
		{4E38F24D-C09B-4739-BD9E-E97FF70B93D3}.Debug|Mixed Platforms.Build.0 = Debug|Any CPU
		{4E38F24D-C09B-4739-BD9E-E97FF70B93D3}.Debug|x86.ActiveCfg = Debug|Any CPU
		{4E38F24D-C09B-4739-BD9E-E97FF70B93D3}.Debug|x86.Build.0 = Debug|Any CPU
		{4E38F24D-C09B-4739-BD9E-E97FF70B93D3}.Release|Any CPU.ActiveCfg = Release|Any CPU
		{4E38F24D-C09B-4739-BD9E-E97FF70B93D3}.Release|Any CPU.Build.0 = Release|Any CPU
		{4E38F24D-C09B-4739-BD9E-E97FF70B93D3}.Release|Mixed Platforms.ActiveCfg = Release|Any CPU
		{4E38F24D-C09B-4739-BD9E-E97FF70B93D3}.Release|Mixed Platforms.Build.0 = Release|Any CPU
		{4E38F24D-C09B-4739-BD9E-E97FF70B93D3}.Release|x86.ActiveCfg = Release|Any CPU
		{4E38F24D-C09B-4739-BD9E-E97FF70B93D3}.Release|x86.Build.0 = Release|Any CPU
	EndGlobalSection
	GlobalSection(SolutionProperties) = preSolution
		HideSolutionNode = FALSE
	EndGlobalSection
EndGlobal
